
Microsoft Visual Studio Solution File, Format Version 12.00
# Visual Studio Version 16
VisualStudioVersion = 16.0.30907.101
MinimumVisualStudioVersion = 10.0.40219.1
Project("{FAE04EC0-301F-11D3-BF4B-00C04F79EFBC}") = "Workaround", "Workaround\Workaround.csproj", "{EC194A16-CACB-4B45-A781-47B5430F08F4}"
EndProject
Project("{FAE04EC0-301F-11D3-BF4B-00C04F79EFBC}") = "Entities", "Entities\Entities.csproj", "{31064ADA-8DD5-41E9-B934-30E5249821E1}"
EndProject
Project("{FAE04EC0-301F-11D3-BF4B-00C04F79EFBC}") = "Business", "Business\Business.csproj", "{A2D7CBEA-859C-40FC-B759-8956FA39D341}"
EndProject
Global
	GlobalSection(SolutionConfigurationPlatforms) = preSolution
		Debug|Any CPU = Debug|Any CPU
		Release|Any CPU = Release|Any CPU
	EndGlobalSection
	GlobalSection(ProjectConfigurationPlatforms) = postSolution
		{EC194A16-CACB-4B45-A781-47B5430F08F4}.Debug|Any CPU.ActiveCfg = Debug|Any CPU
		{EC194A16-CACB-4B45-A781-47B5430F08F4}.Debug|Any CPU.Build.0 = Debug|Any CPU
		{EC194A16-CACB-4B45-A781-47B5430F08F4}.Release|Any CPU.ActiveCfg = Release|Any CPU
		{EC194A16-CACB-4B45-A781-47B5430F08F4}.Release|Any CPU.Build.0 = Release|Any CPU
		{31064ADA-8DD5-41E9-B934-30E5249821E1}.Debug|Any CPU.ActiveCfg = Debug|Any CPU
		{31064ADA-8DD5-41E9-B934-30E5249821E1}.Debug|Any CPU.Build.0 = Debug|Any CPU
		{31064ADA-8DD5-41E9-B934-30E5249821E1}.Release|Any CPU.ActiveCfg = Release|Any CPU
		{31064ADA-8DD5-41E9-B934-30E5249821E1}.Release|Any CPU.Build.0 = Release|Any CPU
		{A2D7CBEA-859C-40FC-B759-8956FA39D341}.Debug|Any CPU.ActiveCfg = Debug|Any CPU
		{A2D7CBEA-859C-40FC-B759-8956FA39D341}.Debug|Any CPU.Build.0 = Debug|Any CPU
		{A2D7CBEA-859C-40FC-B759-8956FA39D341}.Release|Any CPU.ActiveCfg = Release|Any CPU
		{A2D7CBEA-859C-40FC-B759-8956FA39D341}.Release|Any CPU.Build.0 = Release|Any CPU
	EndGlobalSection
	GlobalSection(SolutionProperties) = preSolution
		HideSolutionNode = FALSE
	EndGlobalSection
	GlobalSection(ExtensibilityGlobals) = postSolution
		SolutionGuid = {93693174-0C66-47D8-8D57-20C9BFFD8C32}
	EndGlobalSection
EndGlobal
